// !$*UTF8*$!
{
	archiveVersion = 1;
	classes = {
	};
	objectVersion = 56;
	objects = {

/* Begin PBXBuildFile section */
		2D7A6E442CD99CF00019D68F /* BluetoothTestApp.swift in Sources */ = {isa = PBXBuildFile; fileRef = 2D7A6E432CD99CF00019D68F /* BluetoothTestApp.swift */; };
		2D7A6E462CD99CF00019D68F /* ContentView.swift in Sources */ = {isa = PBXBuildFile; fileRef = 2D7A6E452CD99CF00019D68F /* ContentView.swift */; };
		2D7A6E482CD99CF00019D68F /* Assets.xcassets in Resources */ = {isa = PBXBuildFile; fileRef = 2D7A6E472CD99CF00019D68F /* Assets.xcassets */; };
		2D7A6E4B2CD99CF00019D68F /* Preview Assets.xcassets in Resources */ = {isa = PBXBuildFile; fileRef = 2D7A6E4A2CD99CF00019D68F /* Preview Assets.xcassets */; };
		2D7A6E552CD99CF10019D68F /* BluetoothTestTests.swift in Sources */ = {isa = PBXBuildFile; fileRef = 2D7A6E542CD99CF10019D68F /* BluetoothTestTests.swift */; };
		2D7A6E5F2CD99CF10019D68F /* BluetoothTestUITests.swift in Sources */ = {isa = PBXBuildFile; fileRef = 2D7A6E5E2CD99CF10019D68F /* BluetoothTestUITests.swift */; };
		2D7A6E612CD99CF10019D68F /* BluetoothTestUITestsLaunchTests.swift in Sources */ = {isa = PBXBuildFile; fileRef = 2D7A6E602CD99CF10019D68F /* BluetoothTestUITestsLaunchTests.swift */; };
		2D7A6E6F2CD99D1F0019D68F /* BleManager.swift in Sources */ = {isa = PBXBuildFile; fileRef = 2D7A6E6E2CD99D1F0019D68F /* BleManager.swift */; };
		2D7A6E722CD9D79A0019D68F /* Dependencies.swift in Sources */ = {isa = PBXBuildFile; fileRef = 2D7A6E712CD9D79A0019D68F /* Dependencies.swift */; };
/* End PBXBuildFile section */

/* Begin PBXContainerItemProxy section */
		2D7A6E512CD99CF10019D68F /* PBXContainerItemProxy */ = {
			isa = PBXContainerItemProxy;
			containerPortal = 2D7A6E382CD99CF00019D68F /* Project object */;
			proxyType = 1;
			remoteGlobalIDString = 2D7A6E3F2CD99CF00019D68F;
			remoteInfo = BluetoothTest;
		};
		2D7A6E5B2CD99CF10019D68F /* PBXContainerItemProxy */ = {
			isa = PBXContainerItemProxy;
			containerPortal = 2D7A6E382CD99CF00019D68F /* Project object */;
			proxyType = 1;
			remoteGlobalIDString = 2D7A6E3F2CD99CF00019D68F;
			remoteInfo = BluetoothTest;
		};
/* End PBXContainerItemProxy section */

/* Begin PBXFileReference section */
		2D7A6E402CD99CF00019D68F /* BluetoothTest.app */ = {isa = PBXFileReference; explicitFileType = wrapper.application; includeInIndex = 0; path = BluetoothTest.app; sourceTree = BUILT_PRODUCTS_DIR; };
		2D7A6E432CD99CF00019D68F /* BluetoothTestApp.swift */ = {isa = PBXFileReference; lastKnownFileType = sourcecode.swift; path = BluetoothTestApp.swift; sourceTree = "<group>"; };
		2D7A6E452CD99CF00019D68F /* ContentView.swift */ = {isa = PBXFileReference; lastKnownFileType = sourcecode.swift; path = ContentView.swift; sourceTree = "<group>"; };
		2D7A6E472CD99CF00019D68F /* Assets.xcassets */ = {isa = PBXFileReference; lastKnownFileType = folder.assetcatalog; path = Assets.xcassets; sourceTree = "<group>"; };
		2D7A6E4A2CD99CF00019D68F /* Preview Assets.xcassets */ = {isa = PBXFileReference; lastKnownFileType = folder.assetcatalog; path = "Preview Assets.xcassets"; sourceTree = "<group>"; };
		2D7A6E502CD99CF10019D68F /* BluetoothTestTests.xctest */ = {isa = PBXFileReference; explicitFileType = wrapper.cfbundle; includeInIndex = 0; path = BluetoothTestTests.xctest; sourceTree = BUILT_PRODUCTS_DIR; };
		2D7A6E542CD99CF10019D68F /* BluetoothTestTests.swift */ = {isa = PBXFileReference; lastKnownFileType = sourcecode.swift; path = BluetoothTestTests.swift; sourceTree = "<group>"; };
		2D7A6E5A2CD99CF10019D68F /* BluetoothTestUITests.xctest */ = {isa = PBXFileReference; explicitFileType = wrapper.cfbundle; includeInIndex = 0; path = BluetoothTestUITests.xctest; sourceTree = BUILT_PRODUCTS_DIR; };
		2D7A6E5E2CD99CF10019D68F /* BluetoothTestUITests.swift */ = {isa = PBXFileReference; lastKnownFileType = sourcecode.swift; path = BluetoothTestUITests.swift; sourceTree = "<group>"; };
		2D7A6E602CD99CF10019D68F /* BluetoothTestUITestsLaunchTests.swift */ = {isa = PBXFileReference; lastKnownFileType = sourcecode.swift; path = BluetoothTestUITestsLaunchTests.swift; sourceTree = "<group>"; };
		2D7A6E6E2CD99D1F0019D68F /* BleManager.swift */ = {isa = PBXFileReference; lastKnownFileType = sourcecode.swift; path = BleManager.swift; sourceTree = "<group>"; };
		2D7A6E712CD9D79A0019D68F /* Dependencies.swift */ = {isa = PBXFileReference; lastKnownFileType = sourcecode.swift; path = Dependencies.swift; sourceTree = "<group>"; };
/* End PBXFileReference section */

/* Begin PBXFrameworksBuildPhase section */
		2D7A6E3D2CD99CF00019D68F /* Frameworks */ = {
			isa = PBXFrameworksBuildPhase;
			buildActionMask = 2147483647;
			files = (
			);
			runOnlyForDeploymentPostprocessing = 0;
		};
		2D7A6E4D2CD99CF10019D68F /* Frameworks */ = {
			isa = PBXFrameworksBuildPhase;
			buildActionMask = 2147483647;
			files = (
			);
			runOnlyForDeploymentPostprocessing = 0;
		};
		2D7A6E572CD99CF10019D68F /* Frameworks */ = {
			isa = PBXFrameworksBuildPhase;
			buildActionMask = 2147483647;
			files = (
			);
			runOnlyForDeploymentPostprocessing = 0;
		};
/* End PBXFrameworksBuildPhase section */

/* Begin PBXGroup section */
		2D7A6E372CD99CF00019D68F = {
			isa = PBXGroup;
			children = (
				2D7A6E422CD99CF00019D68F /* BluetoothTest */,
				2D7A6E532CD99CF10019D68F /* BluetoothTestTests */,
				2D7A6E5D2CD99CF10019D68F /* BluetoothTestUITests */,
				2D7A6E412CD99CF00019D68F /* Products */,
			);
			sourceTree = "<group>";
		};
		2D7A6E412CD99CF00019D68F /* Products */ = {
			isa = PBXGroup;
			children = (
				2D7A6E402CD99CF00019D68F /* BluetoothTest.app */,
				2D7A6E502CD99CF10019D68F /* BluetoothTestTests.xctest */,
				2D7A6E5A2CD99CF10019D68F /* BluetoothTestUITests.xctest */,
			);
			name = Products;
			sourceTree = "<group>";
		};
		2D7A6E422CD99CF00019D68F /* BluetoothTest */ = {
			isa = PBXGroup;
			children = (
				2D7A6E702CD9D7830019D68F /* Dependencies */,
				2D7A6E432CD99CF00019D68F /* BluetoothTestApp.swift */,
				2D7A6E452CD99CF00019D68F /* ContentView.swift */,
				2D7A6E472CD99CF00019D68F /* Assets.xcassets */,
				2D7A6E492CD99CF00019D68F /* Preview Content */,
			);
			path = BluetoothTest;
			sourceTree = "<group>";
		};
		2D7A6E492CD99CF00019D68F /* Preview Content */ = {
			isa = PBXGroup;
			children = (
				2D7A6E4A2CD99CF00019D68F /* Preview Assets.xcassets */,
			);
			path = "Preview Content";
			sourceTree = "<group>";
		};
		2D7A6E532CD99CF10019D68F /* BluetoothTestTests */ = {
			isa = PBXGroup;
			children = (
				2D7A6E542CD99CF10019D68F /* BluetoothTestTests.swift */,
			);
			path = BluetoothTestTests;
			sourceTree = "<group>";
		};
		2D7A6E5D2CD99CF10019D68F /* BluetoothTestUITests */ = {
			isa = PBXGroup;
			children = (
				2D7A6E5E2CD99CF10019D68F /* BluetoothTestUITests.swift */,
				2D7A6E602CD99CF10019D68F /* BluetoothTestUITestsLaunchTests.swift */,
			);
			path = BluetoothTestUITests;
			sourceTree = "<group>";
		};
		2D7A6E6D2CD99D100019D68F /* BLE */ = {
			isa = PBXGroup;
			children = (
				2D7A6E6E2CD99D1F0019D68F /* BleManager.swift */,
			);
			path = BLE;
			sourceTree = "<group>";
		};
		2D7A6E702CD9D7830019D68F /* Dependencies */ = {
			isa = PBXGroup;
			children = (
				2D7A6E6D2CD99D100019D68F /* BLE */,
				2D7A6E712CD9D79A0019D68F /* Dependencies.swift */,
			);
			path = Dependencies;
			sourceTree = "<group>";
		};
/* End PBXGroup section */

/* Begin PBXNativeTarget section */
		2D7A6E3F2CD99CF00019D68F /* BluetoothTest */ = {
			isa = PBXNativeTarget;
			buildConfigurationList = 2D7A6E642CD99CF10019D68F /* Build configuration list for PBXNativeTarget "BluetoothTest" */;
			buildPhases = (
				2D7A6E3C2CD99CF00019D68F /* Sources */,
				2D7A6E3D2CD99CF00019D68F /* Frameworks */,
				2D7A6E3E2CD99CF00019D68F /* Resources */,
			);
			buildRules = (
			);
			dependencies = (
			);
			name = BluetoothTest;
			productName = BluetoothTest;
			productReference = 2D7A6E402CD99CF00019D68F /* BluetoothTest.app */;
			productType = "com.apple.product-type.application";
		};
		2D7A6E4F2CD99CF10019D68F /* BluetoothTestTests */ = {
			isa = PBXNativeTarget;
			buildConfigurationList = 2D7A6E672CD99CF10019D68F /* Build configuration list for PBXNativeTarget "BluetoothTestTests" */;
			buildPhases = (
				2D7A6E4C2CD99CF10019D68F /* Sources */,
				2D7A6E4D2CD99CF10019D68F /* Frameworks */,
				2D7A6E4E2CD99CF10019D68F /* Resources */,
			);
			buildRules = (
			);
			dependencies = (
				2D7A6E522CD99CF10019D68F /* PBXTargetDependency */,
			);
			name = BluetoothTestTests;
			productName = BluetoothTestTests;
			productReference = 2D7A6E502CD99CF10019D68F /* BluetoothTestTests.xctest */;
			productType = "com.apple.product-type.bundle.unit-test";
		};
		2D7A6E592CD99CF10019D68F /* BluetoothTestUITests */ = {
			isa = PBXNativeTarget;
			buildConfigurationList = 2D7A6E6A2CD99CF10019D68F /* Build configuration list for PBXNativeTarget "BluetoothTestUITests" */;
			buildPhases = (
				2D7A6E562CD99CF10019D68F /* Sources */,
				2D7A6E572CD99CF10019D68F /* Frameworks */,
				2D7A6E582CD99CF10019D68F /* Resources */,
			);
			buildRules = (
			);
			dependencies = (
				2D7A6E5C2CD99CF10019D68F /* PBXTargetDependency */,
			);
			name = BluetoothTestUITests;
			productName = BluetoothTestUITests;
			productReference = 2D7A6E5A2CD99CF10019D68F /* BluetoothTestUITests.xctest */;
			productType = "com.apple.product-type.bundle.ui-testing";
		};
/* End PBXNativeTarget section */

/* Begin PBXProject section */
		2D7A6E382CD99CF00019D68F /* Project object */ = {
			isa = PBXProject;
			attributes = {
				BuildIndependentTargetsInParallel = 1;
				LastSwiftUpdateCheck = 1540;
				LastUpgradeCheck = 1540;
				TargetAttributes = {
					2D7A6E3F2CD99CF00019D68F = {
						CreatedOnToolsVersion = 15.4;
					};
					2D7A6E4F2CD99CF10019D68F = {
						CreatedOnToolsVersion = 15.4;
						TestTargetID = 2D7A6E3F2CD99CF00019D68F;
					};
					2D7A6E592CD99CF10019D68F = {
						CreatedOnToolsVersion = 15.4;
						TestTargetID = 2D7A6E3F2CD99CF00019D68F;
					};
				};
			};
			buildConfigurationList = 2D7A6E3B2CD99CF00019D68F /* Build configuration list for PBXProject "BluetoothTest" */;
			compatibilityVersion = "Xcode 14.0";
			developmentRegion = en;
			hasScannedForEncodings = 0;
			knownRegions = (
				en,
				Base,
			);
			mainGroup = 2D7A6E372CD99CF00019D68F;
			productRefGroup = 2D7A6E412CD99CF00019D68F /* Products */;
			projectDirPath = "";
			projectRoot = "";
			targets = (
				2D7A6E3F2CD99CF00019D68F /* BluetoothTest */,
				2D7A6E4F2CD99CF10019D68F /* BluetoothTestTests */,
				2D7A6E592CD99CF10019D68F /* BluetoothTestUITests */,
			);
		};
/* End PBXProject section */

/* Begin PBXResourcesBuildPhase section */
		2D7A6E3E2CD99CF00019D68F /* Resources */ = {
			isa = PBXResourcesBuildPhase;
			buildActionMask = 2147483647;
			files = (
				2D7A6E4B2CD99CF00019D68F /* Preview Assets.xcassets in Resources */,
				2D7A6E482CD99CF00019D68F /* Assets.xcassets in Resources */,
			);
			runOnlyForDeploymentPostprocessing = 0;
		};
		2D7A6E4E2CD99CF10019D68F /* Resources */ = {
			isa = PBXResourcesBuildPhase;
			buildActionMask = 2147483647;
			files = (
			);
			runOnlyForDeploymentPostprocessing = 0;
		};
		2D7A6E582CD99CF10019D68F /* Resources */ = {
			isa = PBXResourcesBuildPhase;
			buildActionMask = 2147483647;
			files = (
			);
			runOnlyForDeploymentPostprocessing = 0;
		};
/* End PBXResourcesBuildPhase section */

/* Begin PBXSourcesBuildPhase section */
		2D7A6E3C2CD99CF00019D68F /* Sources */ = {
			isa = PBXSourcesBuildPhase;
			buildActionMask = 2147483647;
			files = (
				2D7A6E722CD9D79A0019D68F /* Dependencies.swift in Sources */,
				2D7A6E462CD99CF00019D68F /* ContentView.swift in Sources */,
				2D7A6E6F2CD99D1F0019D68F /* BleManager.swift in Sources */,
				2D7A6E442CD99CF00019D68F /* BluetoothTestApp.swift in Sources */,
			);
			runOnlyForDeploymentPostprocessing = 0;
		};
		2D7A6E4C2CD99CF10019D68F /* Sources */ = {
			isa = PBXSourcesBuildPhase;
			buildActionMask = 2147483647;
			files = (
				2D7A6E552CD99CF10019D68F /* BluetoothTestTests.swift in Sources */,
			);
			runOnlyForDeploymentPostprocessing = 0;
		};
		2D7A6E562CD99CF10019D68F /* Sources */ = {
			isa = PBXSourcesBuildPhase;
			buildActionMask = 2147483647;
			files = (
				2D7A6E5F2CD99CF10019D68F /* BluetoothTestUITests.swift in Sources */,
				2D7A6E612CD99CF10019D68F /* BluetoothTestUITestsLaunchTests.swift in Sources */,
			);
			runOnlyForDeploymentPostprocessing = 0;
		};
/* End PBXSourcesBuildPhase section */

/* Begin PBXTargetDependency section */
		2D7A6E522CD99CF10019D68F /* PBXTargetDependency */ = {
			isa = PBXTargetDependency;
			target = 2D7A6E3F2CD99CF00019D68F /* BluetoothTest */;
			targetProxy = 2D7A6E512CD99CF10019D68F /* PBXContainerItemProxy */;
		};
		2D7A6E5C2CD99CF10019D68F /* PBXTargetDependency */ = {
			isa = PBXTargetDependency;
			target = 2D7A6E3F2CD99CF00019D68F /* BluetoothTest */;
			targetProxy = 2D7A6E5B2CD99CF10019D68F /* PBXContainerItemProxy */;
		};
/* End PBXTargetDependency section */

/* Begin XCBuildConfiguration section */
		2D7A6E622CD99CF10019D68F /* Debug */ = {
			isa = XCBuildConfiguration;
			buildSettings = {
				ALWAYS_SEARCH_USER_PATHS = NO;
				ASSETCATALOG_COMPILER_GENERATE_SWIFT_ASSET_SYMBOL_EXTENSIONS = YES;
				CLANG_ANALYZER_NONNULL = YES;
				CLANG_ANALYZER_NUMBER_OBJECT_CONVERSION = YES_AGGRESSIVE;
				CLANG_CXX_LANGUAGE_STANDARD = "gnu++20";
				CLANG_ENABLE_MODULES = YES;
				CLANG_ENABLE_OBJC_ARC = YES;
				CLANG_ENABLE_OBJC_WEAK = YES;
				CLANG_WARN_BLOCK_CAPTURE_AUTORELEASING = YES;
				CLANG_WARN_BOOL_CONVERSION = YES;
				CLANG_WARN_COMMA = YES;
				CLANG_WARN_CONSTANT_CONVERSION = YES;
				CLANG_WARN_DEPRECATED_OBJC_IMPLEMENTATIONS = YES;
				CLANG_WARN_DIRECT_OBJC_ISA_USAGE = YES_ERROR;
				CLANG_WARN_DOCUMENTATION_COMMENTS = YES;
				CLANG_WARN_EMPTY_BODY = YES;
				CLANG_WARN_ENUM_CONVERSION = YES;
				CLANG_WARN_INFINITE_RECURSION = YES;
				CLANG_WARN_INT_CONVERSION = YES;
				CLANG_WARN_NON_LITERAL_NULL_CONVERSION = YES;
				CLANG_WARN_OBJC_IMPLICIT_RETAIN_SELF = YES;
				CLANG_WARN_OBJC_LITERAL_CONVERSION = YES;
				CLANG_WARN_OBJC_ROOT_CLASS = YES_ERROR;
				CLANG_WARN_QUOTED_INCLUDE_IN_FRAMEWORK_HEADER = YES;
				CLANG_WARN_RANGE_LOOP_ANALYSIS = YES;
				CLANG_WARN_STRICT_PROTOTYPES = YES;
				CLANG_WARN_SUSPICIOUS_MOVE = YES;
				CLANG_WARN_UNGUARDED_AVAILABILITY = YES_AGGRESSIVE;
				CLANG_WARN_UNREACHABLE_CODE = YES;
				CLANG_WARN__DUPLICATE_METHOD_MATCH = YES;
				COPY_PHASE_STRIP = NO;
				DEBUG_INFORMATION_FORMAT = dwarf;
				ENABLE_STRICT_OBJC_MSGSEND = YES;
				ENABLE_TESTABILITY = YES;
				ENABLE_USER_SCRIPT_SANDBOXING = YES;
				GCC_C_LANGUAGE_STANDARD = gnu17;
				GCC_DYNAMIC_NO_PIC = NO;
				GCC_NO_COMMON_BLOCKS = YES;
				GCC_OPTIMIZATION_LEVEL = 0;
				GCC_PREPROCESSOR_DEFINITIONS = (
					"DEBUG=1",
					"$(inherited)",
				);
				GCC_WARN_64_TO_32_BIT_CONVERSION = YES;
				GCC_WARN_ABOUT_RETURN_TYPE = YES_ERROR;
				GCC_WARN_UNDECLARED_SELECTOR = YES;
				GCC_WARN_UNINITIALIZED_AUTOS = YES_AGGRESSIVE;
				GCC_WARN_UNUSED_FUNCTION = YES;
				GCC_WARN_UNUSED_VARIABLE = YES;
				IPHONEOS_DEPLOYMENT_TARGET = 16.0;
				LOCALIZATION_PREFERS_STRING_CATALOGS = YES;
				MTL_ENABLE_DEBUG_INFO = INCLUDE_SOURCE;
				MTL_FAST_MATH = YES;
				ONLY_ACTIVE_ARCH = YES;
				SDKROOT = iphoneos;
				SWIFT_ACTIVE_COMPILATION_CONDITIONS = "DEBUG $(inherited)";
				SWIFT_OPTIMIZATION_LEVEL = "-Onone";
			};
			name = Debug;
		};
		2D7A6E632CD99CF10019D68F /* Release */ = {
			isa = XCBuildConfiguration;
			buildSettings = {
				ALWAYS_SEARCH_USER_PATHS = NO;
				ASSETCATALOG_COMPILER_GENERATE_SWIFT_ASSET_SYMBOL_EXTENSIONS = YES;
				CLANG_ANALYZER_NONNULL = YES;
				CLANG_ANALYZER_NUMBER_OBJECT_CONVERSION = YES_AGGRESSIVE;
				CLANG_CXX_LANGUAGE_STANDARD = "gnu++20";
				CLANG_ENABLE_MODULES = YES;
				CLANG_ENABLE_OBJC_ARC = YES;
				CLANG_ENABLE_OBJC_WEAK = YES;
				CLANG_WARN_BLOCK_CAPTURE_AUTORELEASING = YES;
				CLANG_WARN_BOOL_CONVERSION = YES;
				CLANG_WARN_COMMA = YES;
				CLANG_WARN_CONSTANT_CONVERSION = YES;
				CLANG_WARN_DEPRECATED_OBJC_IMPLEMENTATIONS = YES;
				CLANG_WARN_DIRECT_OBJC_ISA_USAGE = YES_ERROR;
				CLANG_WARN_DOCUMENTATION_COMMENTS = YES;
				CLANG_WARN_EMPTY_BODY = YES;
				CLANG_WARN_ENUM_CONVERSION = YES;
				CLANG_WARN_INFINITE_RECURSION = YES;
				CLANG_WARN_INT_CONVERSION = YES;
				CLANG_WARN_NON_LITERAL_NULL_CONVERSION = YES;
				CLANG_WARN_OBJC_IMPLICIT_RETAIN_SELF = YES;
				CLANG_WARN_OBJC_LITERAL_CONVERSION = YES;
				CLANG_WARN_OBJC_ROOT_CLASS = YES_ERROR;
				CLANG_WARN_QUOTED_INCLUDE_IN_FRAMEWORK_HEADER = YES;
				CLANG_WARN_RANGE_LOOP_ANALYSIS = YES;
				CLANG_WARN_STRICT_PROTOTYPES = YES;
				CLANG_WARN_SUSPICIOUS_MOVE = YES;
				CLANG_WARN_UNGUARDED_AVAILABILITY = YES_AGGRESSIVE;
				CLANG_WARN_UNREACHABLE_CODE = YES;
				CLANG_WARN__DUPLICATE_METHOD_MATCH = YES;
				COPY_PHASE_STRIP = NO;
				DEBUG_INFORMATION_FORMAT = "dwarf-with-dsym";
				ENABLE_NS_ASSERTIONS = NO;
				ENABLE_STRICT_OBJC_MSGSEND = YES;
				ENABLE_USER_SCRIPT_SANDBOXING = YES;
				GCC_C_LANGUAGE_STANDARD = gnu17;
				GCC_NO_COMMON_BLOCKS = YES;
				GCC_WARN_64_TO_32_BIT_CONVERSION = YES;
				GCC_WARN_ABOUT_RETURN_TYPE = YES_ERROR;
				GCC_WARN_UNDECLARED_SELECTOR = YES;
				GCC_WARN_UNINITIALIZED_AUTOS = YES_AGGRESSIVE;
				GCC_WARN_UNUSED_FUNCTION = YES;
				GCC_WARN_UNUSED_VARIABLE = YES;
				IPHONEOS_DEPLOYMENT_TARGET = 16.0;
				LOCALIZATION_PREFERS_STRING_CATALOGS = YES;
				MTL_ENABLE_DEBUG_INFO = NO;
				MTL_FAST_MATH = YES;
				SDKROOT = iphoneos;
				SWIFT_COMPILATION_MODE = wholemodule;
				VALIDATE_PRODUCT = YES;
			};
			name = Release;
		};
		2D7A6E652CD99CF10019D68F /* Debug */ = {
			isa = XCBuildConfiguration;
			buildSettings = {
				ASSETCATALOG_COMPILER_APPICON_NAME = AppIcon;
				ASSETCATALOG_COMPILER_GLOBAL_ACCENT_COLOR_NAME = AccentColor;
				CODE_SIGN_STYLE = Automatic;
				CURRENT_PROJECT_VERSION = 1;
				DEVELOPMENT_ASSET_PATHS = "\"BluetoothTest/Preview Content\"";
				DEVELOPMENT_TEAM = 32WU26W9L8;
				ENABLE_PREVIEWS = YES;
				GENERATE_INFOPLIST_FILE = YES;
				INFOPLIST_KEY_LSApplicationCategoryType = "";
				INFOPLIST_KEY_NSBluetoothAlwaysUsageDescription = "We need to connect to the device";
				INFOPLIST_KEY_NSBluetoothPeripheralUsageDescription = "We need to connect to bluetooth";
				INFOPLIST_KEY_UIApplicationSceneManifest_Generation = YES;
				INFOPLIST_KEY_UIApplicationSupportsIndirectInputEvents = YES;
				INFOPLIST_KEY_UILaunchScreen_Generation = YES;
				INFOPLIST_KEY_UISupportedInterfaceOrientations = UIInterfaceOrientationPortrait;
				INFOPLIST_KEY_UISupportedInterfaceOrientations_iPad = "UIInterfaceOrientationLandscapeLeft UIInterfaceOrientationLandscapeRight UIInterfaceOrientationPortrait UIInterfaceOrientationPortraitUpsideDown";
				LD_RUNPATH_SEARCH_PATHS = (
					"$(inherited)",
					"@executable_path/Frameworks",
				);
				MARKETING_VERSION = 1.0;
				PRODUCT_BUNDLE_IDENTIFIER = com.jeffcandell.BluetoothTest;
				PRODUCT_NAME = "$(TARGET_NAME)";
				SWIFT_EMIT_LOC_STRINGS = YES;
				SWIFT_VERSION = 5.0;
				TARGETED_DEVICE_FAMILY = "1,2";
			};
			name = Debug;
		};
		2D7A6E662CD99CF10019D68F /* Release */ = {
			isa = XCBuildConfiguration;
			buildSettings = {
				ASSETCATALOG_COMPILER_APPICON_NAME = AppIcon;
				ASSETCATALOG_COMPILER_GLOBAL_ACCENT_COLOR_NAME = AccentColor;
				CODE_SIGN_STYLE = Automatic;
				CURRENT_PROJECT_VERSION = 1;
				DEVELOPMENT_ASSET_PATHS = "\"BluetoothTest/Preview Content\"";
				DEVELOPMENT_TEAM = 32WU26W9L8;
				ENABLE_PREVIEWS = YES;
				GENERATE_INFOPLIST_FILE = YES;
				INFOPLIST_KEY_LSApplicationCategoryType = "";
				INFOPLIST_KEY_NSBluetoothAlwaysUsageDescription = "We need to connect to the device";
				INFOPLIST_KEY_NSBluetoothPeripheralUsageDescription = "We need to connect to bluetooth";
				INFOPLIST_KEY_UIApplicationSceneManifest_Generation = YES;
				INFOPLIST_KEY_UIApplicationSupportsIndirectInputEvents = YES;
				INFOPLIST_KEY_UILaunchScreen_Generation = YES;
				INFOPLIST_KEY_UISupportedInterfaceOrientations = UIInterfaceOrientationPortrait;
				INFOPLIST_KEY_UISupportedInterfaceOrientations_iPad = "UIInterfaceOrientationLandscapeLeft UIInterfaceOrientationLandscapeRight UIInterfaceOrientationPortrait UIInterfaceOrientationPortraitUpsideDown";
				LD_RUNPATH_SEARCH_PATHS = (
					"$(inherited)",
					"@executable_path/Frameworks",
				);
				MARKETING_VERSION = 1.0;
				PRODUCT_BUNDLE_IDENTIFIER = com.jeffcandell.BluetoothTest;
				PRODUCT_NAME = "$(TARGET_NAME)";
				SWIFT_EMIT_LOC_STRINGS = YES;
				SWIFT_VERSION = 5.0;
				TARGETED_DEVICE_FAMILY = "1,2";
			};
			name = Release;
		};
		2D7A6E682CD99CF10019D68F /* Debug */ = {
			isa = XCBuildConfiguration;
			buildSettings = {
				ALWAYS_EMBED_SWIFT_STANDARD_LIBRARIES = YES;
				BUNDLE_LOADER = "$(TEST_HOST)";
				CODE_SIGN_STYLE = Automatic;
				CURRENT_PROJECT_VERSION = 1;
				GENERATE_INFOPLIST_FILE = YES;
				IPHONEOS_DEPLOYMENT_TARGET = 17.5;
				MARKETING_VERSION = 1.0;
				PRODUCT_BUNDLE_IDENTIFIER = com.jeffcandell.BluetoothTestTests;
				PRODUCT_NAME = "$(TARGET_NAME)";
				SWIFT_EMIT_LOC_STRINGS = NO;
				SWIFT_VERSION = 5.0;
				TARGETED_DEVICE_FAMILY = "1,2";
				TEST_HOST = "$(BUILT_PRODUCTS_DIR)/BluetoothTest.app/$(BUNDLE_EXECUTABLE_FOLDER_PATH)/BluetoothTest";
			};
			name = Debug;
		};
		2D7A6E692CD99CF10019D68F /* Release */ = {
			isa = XCBuildConfiguration;
			buildSettings = {
				ALWAYS_EMBED_SWIFT_STANDARD_LIBRARIES = YES;
				BUNDLE_LOADER = "$(TEST_HOST)";
				CODE_SIGN_STYLE = Automatic;
				CURRENT_PROJECT_VERSION = 1;
				GENERATE_INFOPLIST_FILE = YES;
				IPHONEOS_DEPLOYMENT_TARGET = 17.5;
				MARKETING_VERSION = 1.0;
				PRODUCT_BUNDLE_IDENTIFIER = com.jeffcandell.BluetoothTestTests;
				PRODUCT_NAME = "$(TARGET_NAME)";
				SWIFT_EMIT_LOC_STRINGS = NO;
				SWIFT_VERSION = 5.0;
				TARGETED_DEVICE_FAMILY = "1,2";
				TEST_HOST = "$(BUILT_PRODUCTS_DIR)/BluetoothTest.app/$(BUNDLE_EXECUTABLE_FOLDER_PATH)/BluetoothTest";
			};
			name = Release;
		};
		2D7A6E6B2CD99CF10019D68F /* Debug */ = {
			isa = XCBuildConfiguration;
			buildSettings = {
				ALWAYS_EMBED_SWIFT_STANDARD_LIBRARIES = YES;
				CODE_SIGN_STYLE = Automatic;
				CURRENT_PROJECT_VERSION = 1;
				GENERATE_INFOPLIST_FILE = YES;
				MARKETING_VERSION = 1.0;
				PRODUCT_BUNDLE_IDENTIFIER = com.jeffcandell.BluetoothTestUITests;
				PRODUCT_NAME = "$(TARGET_NAME)";
				SWIFT_EMIT_LOC_STRINGS = NO;
				SWIFT_VERSION = 5.0;
				TARGETED_DEVICE_FAMILY = "1,2";
				TEST_TARGET_NAME = BluetoothTest;
			};
			name = Debug;
		};
		2D7A6E6C2CD99CF10019D68F /* Release */ = {
			isa = XCBuildConfiguration;
			buildSettings = {
				ALWAYS_EMBED_SWIFT_STANDARD_LIBRARIES = YES;
				CODE_SIGN_STYLE = Automatic;
				CURRENT_PROJECT_VERSION = 1;
				GENERATE_INFOPLIST_FILE = YES;
				MARKETING_VERSION = 1.0;
				PRODUCT_BUNDLE_IDENTIFIER = com.jeffcandell.BluetoothTestUITests;
				PRODUCT_NAME = "$(TARGET_NAME)";
				SWIFT_EMIT_LOC_STRINGS = NO;
				SWIFT_VERSION = 5.0;
				TARGETED_DEVICE_FAMILY = "1,2";
				TEST_TARGET_NAME = BluetoothTest;
			};
			name = Release;
		};
/* End XCBuildConfiguration section */

/* Begin XCConfigurationList section */
		2D7A6E3B2CD99CF00019D68F /* Build configuration list for PBXProject "BluetoothTest" */ = {
			isa = XCConfigurationList;
			buildConfigurations = (
				2D7A6E622CD99CF10019D68F /* Debug */,
				2D7A6E632CD99CF10019D68F /* Release */,
			);
			defaultConfigurationIsVisible = 0;
			defaultConfigurationName = Release;
		};
		2D7A6E642CD99CF10019D68F /* Build configuration list for PBXNativeTarget "BluetoothTest" */ = {
			isa = XCConfigurationList;
			buildConfigurations = (
				2D7A6E652CD99CF10019D68F /* Debug */,
				2D7A6E662CD99CF10019D68F /* Release */,
			);
			defaultConfigurationIsVisible = 0;
			defaultConfigurationName = Release;
		};
		2D7A6E672CD99CF10019D68F /* Build configuration list for PBXNativeTarget "BluetoothTestTests" */ = {
			isa = XCConfigurationList;
			buildConfigurations = (
				2D7A6E682CD99CF10019D68F /* Debug */,
				2D7A6E692CD99CF10019D68F /* Release */,
			);
			defaultConfigurationIsVisible = 0;
			defaultConfigurationName = Release;
		};
		2D7A6E6A2CD99CF10019D68F /* Build configuration list for PBXNativeTarget "BluetoothTestUITests" */ = {
			isa = XCConfigurationList;
			buildConfigurations = (
				2D7A6E6B2CD99CF10019D68F /* Debug */,
				2D7A6E6C2CD99CF10019D68F /* Release */,
			);
			defaultConfigurationIsVisible = 0;
			defaultConfigurationName = Release;
		};
/* End XCConfigurationList section */
	};
	rootObject = 2D7A6E382CD99CF00019D68F /* Project object */;
}
